
Microsoft Visual Studio Solution File, Format Version 12.00
# Visual Studio Version 16
VisualStudioVersion = 16.0.32413.511
MinimumVisualStudioVersion = 10.0.40219.1
Project("{9A19103F-16F7-4668-BE54-9A1E7A4F7556}") = "BusinessLayer", "BusinessLayer\BusinessLayer.csproj", "{BB7AC036-7858-4D11-9C09-02D216F38DEF}"
EndProject
Project("{9A19103F-16F7-4668-BE54-9A1E7A4F7556}") = "DataLayer", "DataLayer\DataLayer.csproj", "{C3966B2A-90FD-4F21-848A-1347A418C1E1}"
EndProject
Project("{FAE04EC0-301F-11D3-BF4B-00C04F79EFBC}") = "Testing", "Testing\Testing.csproj", "{99CFA0E6-B578-4F75-883C-179CEF8A1EB1}"
EndProject
Global
	GlobalSection(SolutionConfigurationPlatforms) = preSolution
		Debug|Any CPU = Debug|Any CPU
		Release|Any CPU = Release|Any CPU
	EndGlobalSection
	GlobalSection(ProjectConfigurationPlatforms) = postSolution
		{BB7AC036-7858-4D11-9C09-02D216F38DEF}.Debug|Any CPU.ActiveCfg = Debug|Any CPU
		{BB7AC036-7858-4D11-9C09-02D216F38DEF}.Debug|Any CPU.Build.0 = Debug|Any CPU
		{BB7AC036-7858-4D11-9C09-02D216F38DEF}.Release|Any CPU.ActiveCfg = Release|Any CPU
		{BB7AC036-7858-4D11-9C09-02D216F38DEF}.Release|Any CPU.Build.0 = Release|Any CPU
		{C3966B2A-90FD-4F21-848A-1347A418C1E1}.Debug|Any CPU.ActiveCfg = Debug|Any CPU
		{C3966B2A-90FD-4F21-848A-1347A418C1E1}.Debug|Any CPU.Build.0 = Debug|Any CPU
		{C3966B2A-90FD-4F21-848A-1347A418C1E1}.Release|Any CPU.ActiveCfg = Release|Any CPU
		{C3966B2A-90FD-4F21-848A-1347A418C1E1}.Release|Any CPU.Build.0 = Release|Any CPU
		{99CFA0E6-B578-4F75-883C-179CEF8A1EB1}.Debug|Any CPU.ActiveCfg = Debug|Any CPU
		{99CFA0E6-B578-4F75-883C-179CEF8A1EB1}.Debug|Any CPU.Build.0 = Debug|Any CPU
		{99CFA0E6-B578-4F75-883C-179CEF8A1EB1}.Release|Any CPU.ActiveCfg = Release|Any CPU
		{99CFA0E6-B578-4F75-883C-179CEF8A1EB1}.Release|Any CPU.Build.0 = Release|Any CPU
	EndGlobalSection
	GlobalSection(SolutionProperties) = preSolution
		HideSolutionNode = FALSE
	EndGlobalSection
	GlobalSection(ExtensibilityGlobals) = postSolution
		SolutionGuid = {55045F3F-34E7-40C8-8F31-7BD830FEA6EC}
	EndGlobalSection
EndGlobal
